
Microsoft Visual Studio Solution File, Format Version 12.00
# Visual Studio 2012
Project("{FAE04EC0-301F-11D3-BF4B-00C04F79EFBC}") = "NET40.Be2BillNet", "NET40.Be2BillNet\NET40.Be2BillNet.csproj", "{4C9E2E00-336C-49E4-921A-183A48BDE32D}"
EndProject
Project("{2150E333-8FDC-42A3-9474-1A3956D46DE8}") = "Solution Items", "Solution Items", "{975EB1FB-F299-4ADC-8CB7-0A802FF21A22}"
	ProjectSection(SolutionItems) = preProject
		CommonAssemblyInfo.cs = CommonAssemblyInfo.cs
	EndProjectSection
EndProject
Project("{FAE04EC0-301F-11D3-BF4B-00C04F79EFBC}") = "NET45.Be2BillNet.AspMvcDemo", "NET45.Be2BillNet.AspMvcDemo\NET45.Be2BillNet.AspMvcDemo.csproj", "{3B0129A1-DCD6-4DD6-9A3F-4EE531500D6F}"
EndProject
Project("{FAE04EC0-301F-11D3-BF4B-00C04F79EFBC}") = "NET45.Be2BillNet.Tests", "NET45.Be2BillNet.Tests\NET45.Be2BillNet.Tests.csproj", "{3E06723B-F409-4BDF-82A1-64A7AB485A97}"
EndProject
Global
	GlobalSection(SolutionConfigurationPlatforms) = preSolution
		Debug|Any CPU = Debug|Any CPU
		Release|Any CPU = Release|Any CPU
	EndGlobalSection
	GlobalSection(ProjectConfigurationPlatforms) = postSolution
		{4C9E2E00-336C-49E4-921A-183A48BDE32D}.Debug|Any CPU.ActiveCfg = Debug|Any CPU
		{4C9E2E00-336C-49E4-921A-183A48BDE32D}.Debug|Any CPU.Build.0 = Debug|Any CPU
		{4C9E2E00-336C-49E4-921A-183A48BDE32D}.Release|Any CPU.ActiveCfg = Release|Any CPU
		{4C9E2E00-336C-49E4-921A-183A48BDE32D}.Release|Any CPU.Build.0 = Release|Any CPU
		{3B0129A1-DCD6-4DD6-9A3F-4EE531500D6F}.Debug|Any CPU.ActiveCfg = Debug|Any CPU
		{3B0129A1-DCD6-4DD6-9A3F-4EE531500D6F}.Debug|Any CPU.Build.0 = Debug|Any CPU
		{3B0129A1-DCD6-4DD6-9A3F-4EE531500D6F}.Release|Any CPU.ActiveCfg = Release|Any CPU
		{3B0129A1-DCD6-4DD6-9A3F-4EE531500D6F}.Release|Any CPU.Build.0 = Release|Any CPU
		{3E06723B-F409-4BDF-82A1-64A7AB485A97}.Debug|Any CPU.ActiveCfg = Debug|Any CPU
		{3E06723B-F409-4BDF-82A1-64A7AB485A97}.Debug|Any CPU.Build.0 = Debug|Any CPU
		{3E06723B-F409-4BDF-82A1-64A7AB485A97}.Release|Any CPU.ActiveCfg = Release|Any CPU
		{3E06723B-F409-4BDF-82A1-64A7AB485A97}.Release|Any CPU.Build.0 = Release|Any CPU
	EndGlobalSection
	GlobalSection(SolutionProperties) = preSolution
		HideSolutionNode = FALSE
	EndGlobalSection
EndGlobal
